
Microsoft Visual Studio Solution File, Format Version 12.00
# Visual Studio Version 16
VisualStudioVersion = 16.0.30907.101
MinimumVisualStudioVersion = 10.0.40219.1
Project("{FAE04EC0-301F-11D3-BF4B-00C04F79EFBC}") = "wf_Multi_forms", "wf_Multi_forms\wf_Multi_forms.csproj", "{28A90FC2-BF06-4560-814A-5DAB2936EBFB}"
EndProject
Global
	GlobalSection(SolutionConfigurationPlatforms) = preSolution
		Debug|Any CPU = Debug|Any CPU
		Release|Any CPU = Release|Any CPU
	EndGlobalSection
	GlobalSection(ProjectConfigurationPlatforms) = postSolution
		{28A90FC2-BF06-4560-814A-5DAB2936EBFB}.Debug|Any CPU.ActiveCfg = Debug|Any CPU
		{28A90FC2-BF06-4560-814A-5DAB2936EBFB}.Debug|Any CPU.Build.0 = Debug|Any CPU
		{28A90FC2-BF06-4560-814A-5DAB2936EBFB}.Release|Any CPU.ActiveCfg = Release|Any CPU
		{28A90FC2-BF06-4560-814A-5DAB2936EBFB}.Release|Any CPU.Build.0 = Release|Any CPU
	EndGlobalSection
	GlobalSection(SolutionProperties) = preSolution
		HideSolutionNode = FALSE
	EndGlobalSection
	GlobalSection(ExtensibilityGlobals) = postSolution
		SolutionGuid = {CAF1B598-E171-456A-A5DE-EF1F227FA9E8}
	EndGlobalSection
EndGlobal
